
Microsoft Visual Studio Solution File, Format Version 12.00
# Visual Studio Version 17
VisualStudioVersion = 17.11.35303.130
MinimumVisualStudioVersion = 10.0.40219.1
Project("{FAE04EC0-301F-11D3-BF4B-00C04F79EFBC}") = "Exem", "Exem\Exem.csproj", "{A84528FE-C80F-4D97-B856-B3DAD72916AD}"
EndProject
Global
	GlobalSection(SolutionConfigurationPlatforms) = preSolution
		Debug|Any CPU = Debug|Any CPU
		Release|Any CPU = Release|Any CPU
	EndGlobalSection
	GlobalSection(ProjectConfigurationPlatforms) = postSolution
		{A84528FE-C80F-4D97-B856-B3DAD72916AD}.Debug|Any CPU.ActiveCfg = Debug|Any CPU
		{A84528FE-C80F-4D97-B856-B3DAD72916AD}.Debug|Any CPU.Build.0 = Debug|Any CPU
		{A84528FE-C80F-4D97-B856-B3DAD72916AD}.Release|Any CPU.ActiveCfg = Release|Any CPU
		{A84528FE-C80F-4D97-B856-B3DAD72916AD}.Release|Any CPU.Build.0 = Release|Any CPU
	EndGlobalSection
	GlobalSection(SolutionProperties) = preSolution
		HideSolutionNode = FALSE
	EndGlobalSection
	GlobalSection(ExtensibilityGlobals) = postSolution
		SolutionGuid = {A69CBC8F-191F-4F6C-BAF3-028D14977B64}
	EndGlobalSection
EndGlobal
